
Microsoft Visual Studio Solution File, Format Version 12.00
# Visual Studio Version 16
VisualStudioVersion = 16.0.30907.101
MinimumVisualStudioVersion = 10.0.40219.1
Project("{FAE04EC0-301F-11D3-BF4B-00C04F79EFBC}") = "Audi", "Audi.csproj", "{2F2B9C64-F834-4A54-B983-E39722ECCE59}"
EndProject
Global
	GlobalSection(SolutionConfigurationPlatforms) = preSolution
		Debug|Any CPU = Debug|Any CPU
		Release|Any CPU = Release|Any CPU
	EndGlobalSection
	GlobalSection(ProjectConfigurationPlatforms) = postSolution
		{2F2B9C64-F834-4A54-B983-E39722ECCE59}.Debug|Any CPU.ActiveCfg = Debug|Any CPU
		{2F2B9C64-F834-4A54-B983-E39722ECCE59}.Debug|Any CPU.Build.0 = Debug|Any CPU
		{2F2B9C64-F834-4A54-B983-E39722ECCE59}.Release|Any CPU.ActiveCfg = Release|Any CPU
		{2F2B9C64-F834-4A54-B983-E39722ECCE59}.Release|Any CPU.Build.0 = Release|Any CPU
	EndGlobalSection
	GlobalSection(SolutionProperties) = preSolution
		HideSolutionNode = FALSE
	EndGlobalSection
	GlobalSection(ExtensibilityGlobals) = postSolution
		SolutionGuid = {984888E8-3B91-41BB-BA40-D373F8792693}
	EndGlobalSection
EndGlobal
